// !$*UTF8*$!
{
	archiveVersion = 1;
	classes = {
	};
	objectVersion = 48;
	objects = {

/* Begin PBXBuildFile section */
		B10292F6229E535D0030B0A3 /* NSMutableArray+SafeForData.m in Sources */ = {isa = PBXBuildFile; fileRef = B10292F5229E535D0030B0A3 /* NSMutableArray+SafeForData.m */; };
		B107FCD921DFACED00AAF725 /* SubView.m in Sources */ = {isa = PBXBuildFile; fileRef = B107FCD821DFACED00AAF725 /* SubView.m */; };
		B107FCDC21E5B25A00AAF725 /* Son.m in Sources */ = {isa = PBXBuildFile; fileRef = B107FCDB21E5B25A00AAF725 /* Son.m */; };
		B107FCDF21E6F5E500AAF725 /* Person+Cat.m in Sources */ = {isa = PBXBuildFile; fileRef = B107FCDE21E6F5E500AAF725 /* Person+Cat.m */; };
		B13A9FF5229BB78D00BC84EA /* MZBarrageSwitch.m in Sources */ = {isa = PBXBuildFile; fileRef = B13A9FF4229BB78D00BC84EA /* MZBarrageSwitch.m */; };
		B148B6E72260A74700C8BFDA /* HDCheckArray.m in Sources */ = {isa = PBXBuildFile; fileRef = B148B6E62260A74700C8BFDA /* HDCheckArray.m */; };
		B150DBCF2285C22500498D86 /* WKWebViewController.m in Sources */ = {isa = PBXBuildFile; fileRef = B150DBCE2285C22500498D86 /* WKWebViewController.m */; };
		B150DBD22286BC1100498D86 /* JStoOC.html in Resources */ = {isa = PBXBuildFile; fileRef = B150DBD12286BC1100498D86 /* JStoOC.html */; };
		B150DBDA2286E11700498D86 /* girl.png in Resources */ = {isa = PBXBuildFile; fileRef = B150DBD42286E11600498D86 /* girl.png */; };
		B150DBDB2286E11700498D86 /* webRefreshButton@3x.png in Resources */ = {isa = PBXBuildFile; fileRef = B150DBD52286E11600498D86 /* webRefreshButton@3x.png */; };
		B150DBDD2286E11700498D86 /* backbutton@3x.png in Resources */ = {isa = PBXBuildFile; fileRef = B150DBD72286E11600498D86 /* backbutton@3x.png */; };
		B150DBDE2286E11700498D86 /* backbutton@2x.png in Resources */ = {isa = PBXBuildFile; fileRef = B150DBD82286E11600498D86 /* backbutton@2x.png */; };
		B150DBDF2286E11700498D86 /* webRefreshButton@2x.png in Resources */ = {isa = PBXBuildFile; fileRef = B150DBD92286E11700498D86 /* webRefreshButton@2x.png */; };
		B153A7A1226D91FD002A6184 /* NetworkTool.m in Sources */ = {isa = PBXBuildFile; fileRef = B153A7A0226D91FD002A6184 /* NetworkTool.m */; };
		B164B78A226381DD0097AF63 /* HDViewController.m in Sources */ = {isa = PBXBuildFile; fileRef = B164B789226381DD0097AF63 /* HDViewController.m */; };
		B164B78D226382B20097AF63 /* HDViewController+Logging.m in Sources */ = {isa = PBXBuildFile; fileRef = B164B78C226382B20097AF63 /* HDViewController+Logging.m */; };
		B186049E2233EA3300C93644 /* HDNetworkTool.m in Sources */ = {isa = PBXBuildFile; fileRef = B186049D2233EA3200C93644 /* HDNetworkTool.m */; };
		B18604A02233EADC00C93644 /* libAFNetworking.a in Frameworks */ = {isa = PBXBuildFile; fileRef = B186049F2233EADC00C93644 /* libAFNetworking.a */; };
		B18604A22233EAE300C93644 /* libSDWebImage.a in Frameworks */ = {isa = PBXBuildFile; fileRef = B18604A12233EAE300C93644 /* libSDWebImage.a */; };
		B18E3BA52293898700D6E34B /* cjsss_big.json in Resources */ = {isa = PBXBuildFile; fileRef = B18E3B962293898700D6E34B /* cjsss_big.json */; };
		B18E3BA72293920D00D6E34B /* wytcdj.json in Resources */ = {isa = PBXBuildFile; fileRef = B18E3BA62293920D00D6E34B /* wytcdj.json */; };
		B18E3BB12293A3B600D6E34B /* fff.json in Resources */ = {isa = PBXBuildFile; fileRef = B18E3BA82293A3B500D6E34B /* fff.json */; };
		B18E3BB22293A3B600D6E34B /* yymm.json in Resources */ = {isa = PBXBuildFile; fileRef = B18E3BA92293A3B500D6E34B /* yymm.json */; };
		B18E3BB32293A3B600D6E34B /* ylf.json in Resources */ = {isa = PBXBuildFile; fileRef = B18E3BAA2293A3B500D6E34B /* ylf.json */; };
		B18E3BB42293A3B600D6E34B /* ysys.json in Resources */ = {isa = PBXBuildFile; fileRef = B18E3BAB2293A3B500D6E34B /* ysys.json */; };
		B18E3BB52293A3B600D6E34B /* wan.json in Resources */ = {isa = PBXBuildFile; fileRef = B18E3BAC2293A3B500D6E34B /* wan.json */; };
		B18E3BB62293A3B600D6E34B /* cjylf.json in Resources */ = {isa = PBXBuildFile; fileRef = B18E3BAD2293A3B600D6E34B /* cjylf.json */; };
		B18E3BB72293A3B600D6E34B /* cjsss.json in Resources */ = {isa = PBXBuildFile; fileRef = B18E3BAE2293A3B600D6E34B /* cjsss.json */; };
		B18E3BB82293A3B600D6E34B /* tcdj.json in Resources */ = {isa = PBXBuildFile; fileRef = B18E3BAF2293A3B600D6E34B /* tcdj.json */; };
		B18E3BB92293A3B600D6E34B /* cjwyf.json in Resources */ = {isa = PBXBuildFile; fileRef = B18E3BB02293A3B600D6E34B /* cjwyf.json */; };
		B1954C692269DDE7005CEF6C /* TestOneModel.m in Sources */ = {isa = PBXBuildFile; fileRef = B1954C682269DDE7005CEF6C /* TestOneModel.m */; };
		B1954C6C2269DE7C005CEF6C /* TestTwoModel.m in Sources */ = {isa = PBXBuildFile; fileRef = B1954C6B2269DE7C005CEF6C /* TestTwoModel.m */; };
		B1A6BF2C22D8565A00AD35A2 /* MZADScrollView.m in Sources */ = {isa = PBXBuildFile; fileRef = B1A6BF2A22D8565A00AD35A2 /* MZADScrollView.m */; };
		B1B1475A22C9FAA100A96AB9 /* HDHomeTableView.m in Sources */ = {isa = PBXBuildFile; fileRef = B1B1475922C9FAA100A96AB9 /* HDHomeTableView.m */; };
		B1B1475E22C9FB3B00A96AB9 /* HDHomePresenter.m in Sources */ = {isa = PBXBuildFile; fileRef = B1B1475D22C9FB3B00A96AB9 /* HDHomePresenter.m */; };
		B1B1476122C9FD1000A96AB9 /* HDHomeModel.m in Sources */ = {isa = PBXBuildFile; fileRef = B1B1476022C9FD1000A96AB9 /* HDHomeModel.m */; };
		B1B1477722CC91B900A96AB9 /* HDImageView.m in Sources */ = {isa = PBXBuildFile; fileRef = B1B1477622CC91B900A96AB9 /* HDImageView.m */; };
		B1F5D11221C2B9B9001D763B /* AppDelegate.m in Sources */ = {isa = PBXBuildFile; fileRef = B1F5D11121C2B9B9001D763B /* AppDelegate.m */; };
		B1F5D11521C2B9B9001D763B /* ViewController.m in Sources */ = {isa = PBXBuildFile; fileRef = B1F5D11421C2B9B9001D763B /* ViewController.m */; };
		B1F5D11821C2B9B9001D763B /* Main.storyboard in Resources */ = {isa = PBXBuildFile; fileRef = B1F5D11621C2B9B9001D763B /* Main.storyboard */; };
		B1F5D11A21C2B9B9001D763B /* Assets.xcassets in Resources */ = {isa = PBXBuildFile; fileRef = B1F5D11921C2B9B9001D763B /* Assets.xcassets */; };
		B1F5D11D21C2B9B9001D763B /* LaunchScreen.storyboard in Resources */ = {isa = PBXBuildFile; fileRef = B1F5D11B21C2B9B9001D763B /* LaunchScreen.storyboard */; };
		B1F5D12021C2B9B9001D763B /* main.m in Sources */ = {isa = PBXBuildFile; fileRef = B1F5D11F21C2B9B9001D763B /* main.m */; };
		B1F5D29A21C49DCA001D763B /* Person.m in Sources */ = {isa = PBXBuildFile; fileRef = B1F5D29921C49DCA001D763B /* Person.m */; };
		B1FC070C224A3E1F0030FED3 /* NSObject+run.m in Sources */ = {isa = PBXBuildFile; fileRef = B1FC070B224A3E1F0030FED3 /* NSObject+run.m */; };
		F9BD95685274A2ED995AAFB2 /* libPods-TestFunction.a in Frameworks */ = {isa = PBXBuildFile; fileRef = 6B823C7A01753B3E9483091A /* libPods-TestFunction.a */; };
/* End PBXBuildFile section */

/* Begin PBXFileReference section */
		3F25502DE0976FAA6BEA1EE1 /* Pods-TestFunction.release.xcconfig */ = {isa = PBXFileReference; includeInIndex = 1; lastKnownFileType = text.xcconfig; name = "Pods-TestFunction.release.xcconfig"; path = "Pods/Target Support Files/Pods-TestFunction/Pods-TestFunction.release.xcconfig"; sourceTree = "<group>"; };
		6B823C7A01753B3E9483091A /* libPods-TestFunction.a */ = {isa = PBXFileReference; explicitFileType = archive.ar; includeInIndex = 0; path = "libPods-TestFunction.a"; sourceTree = BUILT_PRODUCTS_DIR; };
		7D523E5FAB604D4BFF4440BF /* Pods-TestFunction.debug.xcconfig */ = {isa = PBXFileReference; includeInIndex = 1; lastKnownFileType = text.xcconfig; name = "Pods-TestFunction.debug.xcconfig"; path = "Pods/Target Support Files/Pods-TestFunction/Pods-TestFunction.debug.xcconfig"; sourceTree = "<group>"; };
		B10292F4229E535D0030B0A3 /* NSMutableArray+SafeForData.h */ = {isa = PBXFileReference; lastKnownFileType = sourcecode.c.h; path = "NSMutableArray+SafeForData.h"; sourceTree = "<group>"; };
		B10292F5229E535D0030B0A3 /* NSMutableArray+SafeForData.m */ = {isa = PBXFileReference; lastKnownFileType = sourcecode.c.objc; path = "NSMutableArray+SafeForData.m"; sourceTree = "<group>"; };
		B107FCD721DFACED00AAF725 /* SubView.h */ = {isa = PBXFileReference; lastKnownFileType = sourcecode.c.h; path = SubView.h; sourceTree = "<group>"; };
		B107FCD821DFACED00AAF725 /* SubView.m */ = {isa = PBXFileReference; lastKnownFileType = sourcecode.c.objc; path = SubView.m; sourceTree = "<group>"; };
		B107FCDA21E5B25A00AAF725 /* Son.h */ = {isa = PBXFileReference; lastKnownFileType = sourcecode.c.h; path = Son.h; sourceTree = "<group>"; };
		B107FCDB21E5B25A00AAF725 /* Son.m */ = {isa = PBXFileReference; lastKnownFileType = sourcecode.c.objc; path = Son.m; sourceTree = "<group>"; };
		B107FCDD21E6F5E500AAF725 /* Person+Cat.h */ = {isa = PBXFileReference; lastKnownFileType = sourcecode.c.h; path = "Person+Cat.h"; sourceTree = "<group>"; };
		B107FCDE21E6F5E500AAF725 /* Person+Cat.m */ = {isa = PBXFileReference; lastKnownFileType = sourcecode.c.objc; path = "Person+Cat.m"; sourceTree = "<group>"; };
		B13A9FF3229BB78D00BC84EA /* MZBarrageSwitch.h */ = {isa = PBXFileReference; lastKnownFileType = sourcecode.c.h; path = MZBarrageSwitch.h; sourceTree = "<group>"; };
		B13A9FF4229BB78D00BC84EA /* MZBarrageSwitch.m */ = {isa = PBXFileReference; lastKnownFileType = sourcecode.c.objc; path = MZBarrageSwitch.m; sourceTree = "<group>"; };
		B148B6E52260A74700C8BFDA /* HDCheckArray.h */ = {isa = PBXFileReference; lastKnownFileType = sourcecode.c.h; path = HDCheckArray.h; sourceTree = "<group>"; };
		B148B6E62260A74700C8BFDA /* HDCheckArray.m */ = {isa = PBXFileReference; lastKnownFileType = sourcecode.c.objc; path = HDCheckArray.m; sourceTree = "<group>"; };
		B150DBCD2285C22500498D86 /* WKWebViewController.h */ = {isa = PBXFileReference; lastKnownFileType = sourcecode.c.h; path = WKWebViewController.h; sourceTree = "<group>"; };
		B150DBCE2285C22500498D86 /* WKWebViewController.m */ = {isa = PBXFileReference; lastKnownFileType = sourcecode.c.objc; path = WKWebViewController.m; sourceTree = "<group>"; };
		B150DBD02285DD4D00498D86 /* TestFunction.pch */ = {isa = PBXFileReference; lastKnownFileType = sourcecode.c.h; path = TestFunction.pch; sourceTree = "<group>"; };
		B150DBD12286BC1100498D86 /* JStoOC.html */ = {isa = PBXFileReference; fileEncoding = 4; lastKnownFileType = text.html; path = JStoOC.html; sourceTree = "<group>"; };
		B150DBD42286E11600498D86 /* girl.png */ = {isa = PBXFileReference; lastKnownFileType = image.png; path = girl.png; sourceTree = "<group>"; };
		B150DBD52286E11600498D86 /* webRefreshButton@3x.png */ = {isa = PBXFileReference; lastKnownFileType = image.png; path = "webRefreshButton@3x.png"; sourceTree = "<group>"; };
		B150DBD72286E11600498D86 /* backbutton@3x.png */ = {isa = PBXFileReference; lastKnownFileType = image.png; path = "backbutton@3x.png"; sourceTree = "<group>"; };
		B150DBD82286E11600498D86 /* backbutton@2x.png */ = {isa = PBXFileReference; lastKnownFileType = image.png; path = "backbutton@2x.png"; sourceTree = "<group>"; };
		B150DBD92286E11700498D86 /* webRefreshButton@2x.png */ = {isa = PBXFileReference; lastKnownFileType = image.png; path = "webRefreshButton@2x.png"; sourceTree = "<group>"; };
		B153A79F226D91FD002A6184 /* NetworkTool.h */ = {isa = PBXFileReference; lastKnownFileType = sourcecode.c.h; path = NetworkTool.h; sourceTree = "<group>"; };
		B153A7A0226D91FD002A6184 /* NetworkTool.m */ = {isa = PBXFileReference; lastKnownFileType = sourcecode.c.objc; path = NetworkTool.m; sourceTree = "<group>"; };
		B164B788226381DD0097AF63 /* HDViewController.h */ = {isa = PBXFileReference; lastKnownFileType = sourcecode.c.h; path = HDViewController.h; sourceTree = "<group>"; };
		B164B789226381DD0097AF63 /* HDViewController.m */ = {isa = PBXFileReference; lastKnownFileType = sourcecode.c.objc; path = HDViewController.m; sourceTree = "<group>"; };
		B164B78B226382B20097AF63 /* HDViewController+Logging.h */ = {isa = PBXFileReference; lastKnownFileType = sourcecode.c.h; path = "HDViewController+Logging.h"; sourceTree = "<group>"; };
		B164B78C226382B20097AF63 /* HDViewController+Logging.m */ = {isa = PBXFileReference; lastKnownFileType = sourcecode.c.objc; path = "HDViewController+Logging.m"; sourceTree = "<group>"; };
		B186049C2233EA3200C93644 /* HDNetworkTool.h */ = {isa = PBXFileReference; lastKnownFileType = sourcecode.c.h; path = HDNetworkTool.h; sourceTree = "<group>"; };
		B186049D2233EA3200C93644 /* HDNetworkTool.m */ = {isa = PBXFileReference; lastKnownFileType = sourcecode.c.objc; path = HDNetworkTool.m; sourceTree = "<group>"; };
		B186049F2233EADC00C93644 /* libAFNetworking.a */ = {isa = PBXFileReference; explicitFileType = archive.ar; path = libAFNetworking.a; sourceTree = BUILT_PRODUCTS_DIR; };
		B18604A12233EAE300C93644 /* libSDWebImage.a */ = {isa = PBXFileReference; explicitFileType = archive.ar; path = libSDWebImage.a; sourceTree = BUILT_PRODUCTS_DIR; };
		B18E3B962293898700D6E34B /* cjsss_big.json */ = {isa = PBXFileReference; fileEncoding = 4; lastKnownFileType = text.json; path = cjsss_big.json; sourceTree = "<group>"; };
		B18E3BA62293920D00D6E34B /* wytcdj.json */ = {isa = PBXFileReference; fileEncoding = 4; lastKnownFileType = text.json; path = wytcdj.json; sourceTree = "<group>"; };
		B18E3BA82293A3B500D6E34B /* fff.json */ = {isa = PBXFileReference; fileEncoding = 4; lastKnownFileType = text.json; path = fff.json; sourceTree = "<group>"; };
		B18E3BA92293A3B500D6E34B /* yymm.json */ = {isa = PBXFileReference; fileEncoding = 4; lastKnownFileType = text.json; path = yymm.json; sourceTree = "<group>"; };
		B18E3BAA2293A3B500D6E34B /* ylf.json */ = {isa = PBXFileReference; fileEncoding = 4; lastKnownFileType = text.json; path = ylf.json; sourceTree = "<group>"; };
		B18E3BAB2293A3B500D6E34B /* ysys.json */ = {isa = PBXFileReference; fileEncoding = 4; lastKnownFileType = text.json; path = ysys.json; sourceTree = "<group>"; };
		B18E3BAC2293A3B500D6E34B /* wan.json */ = {isa = PBXFileReference; fileEncoding = 4; lastKnownFileType = text.json; path = wan.json; sourceTree = "<group>"; };
		B18E3BAD2293A3B600D6E34B /* cjylf.json */ = {isa = PBXFileReference; fileEncoding = 4; lastKnownFileType = text.json; path = cjylf.json; sourceTree = "<group>"; };
		B18E3BAE2293A3B600D6E34B /* cjsss.json */ = {isa = PBXFileReference; fileEncoding = 4; lastKnownFileType = text.json; path = cjsss.json; sourceTree = "<group>"; };
		B18E3BAF2293A3B600D6E34B /* tcdj.json */ = {isa = PBXFileReference; fileEncoding = 4; lastKnownFileType = text.json; path = tcdj.json; sourceTree = "<group>"; };
		B18E3BB02293A3B600D6E34B /* cjwyf.json */ = {isa = PBXFileReference; fileEncoding = 4; lastKnownFileType = text.json; path = cjwyf.json; sourceTree = "<group>"; };
		B1954C672269DDE7005CEF6C /* TestOneModel.h */ = {isa = PBXFileReference; lastKnownFileType = sourcecode.c.h; path = TestOneModel.h; sourceTree = "<group>"; };
		B1954C682269DDE7005CEF6C /* TestOneModel.m */ = {isa = PBXFileReference; lastKnownFileType = sourcecode.c.objc; path = TestOneModel.m; sourceTree = "<group>"; };
		B1954C6A2269DE7C005CEF6C /* TestTwoModel.h */ = {isa = PBXFileReference; lastKnownFileType = sourcecode.c.h; path = TestTwoModel.h; sourceTree = "<group>"; };
		B1954C6B2269DE7C005CEF6C /* TestTwoModel.m */ = {isa = PBXFileReference; lastKnownFileType = sourcecode.c.objc; path = TestTwoModel.m; sourceTree = "<group>"; };
		B1A6BF2A22D8565A00AD35A2 /* MZADScrollView.m */ = {isa = PBXFileReference; fileEncoding = 4; lastKnownFileType = sourcecode.c.objc; path = MZADScrollView.m; sourceTree = "<group>"; };
		B1A6BF2B22D8565A00AD35A2 /* MZADScrollView.h */ = {isa = PBXFileReference; fileEncoding = 4; lastKnownFileType = sourcecode.c.h; path = MZADScrollView.h; sourceTree = "<group>"; };
		B1B1475822C9FAA100A96AB9 /* HDHomeTableView.h */ = {isa = PBXFileReference; lastKnownFileType = sourcecode.c.h; path = HDHomeTableView.h; sourceTree = "<group>"; };
		B1B1475922C9FAA100A96AB9 /* HDHomeTableView.m */ = {isa = PBXFileReference; lastKnownFileType = sourcecode.c.objc; path = HDHomeTableView.m; sourceTree = "<group>"; };
		B1B1475C22C9FB3B00A96AB9 /* HDHomePresenter.h */ = {isa = PBXFileReference; lastKnownFileType = sourcecode.c.h; path = HDHomePresenter.h; sourceTree = "<group>"; };
		B1B1475D22C9FB3B00A96AB9 /* HDHomePresenter.m */ = {isa = PBXFileReference; lastKnownFileType = sourcecode.c.objc; path = HDHomePresenter.m; sourceTree = "<group>"; };
		B1B1475F22C9FD1000A96AB9 /* HDHomeModel.h */ = {isa = PBXFileReference; lastKnownFileType = sourcecode.c.h; path = HDHomeModel.h; sourceTree = "<group>"; };
		B1B1476022C9FD1000A96AB9 /* HDHomeModel.m */ = {isa = PBXFileReference; lastKnownFileType = sourcecode.c.objc; path = HDHomeModel.m; sourceTree = "<group>"; };
		B1B1477522CC91B900A96AB9 /* HDImageView.h */ = {isa = PBXFileReference; lastKnownFileType = sourcecode.c.h; path = HDImageView.h; sourceTree = "<group>"; };
		B1B1477622CC91B900A96AB9 /* HDImageView.m */ = {isa = PBXFileReference; lastKnownFileType = sourcecode.c.objc; path = HDImageView.m; sourceTree = "<group>"; };
		B1F5D10D21C2B9B9001D763B /* TestFunction.app */ = {isa = PBXFileReference; explicitFileType = wrapper.application; includeInIndex = 0; path = TestFunction.app; sourceTree = BUILT_PRODUCTS_DIR; };
		B1F5D11021C2B9B9001D763B /* AppDelegate.h */ = {isa = PBXFileReference; lastKnownFileType = sourcecode.c.h; path = AppDelegate.h; sourceTree = "<group>"; };
		B1F5D11121C2B9B9001D763B /* AppDelegate.m */ = {isa = PBXFileReference; lastKnownFileType = sourcecode.c.objc; path = AppDelegate.m; sourceTree = "<group>"; };
		B1F5D11321C2B9B9001D763B /* ViewController.h */ = {isa = PBXFileReference; lastKnownFileType = sourcecode.c.h; path = ViewController.h; sourceTree = "<group>"; };
		B1F5D11421C2B9B9001D763B /* ViewController.m */ = {isa = PBXFileReference; lastKnownFileType = sourcecode.c.objc; path = ViewController.m; sourceTree = "<group>"; };
		B1F5D11721C2B9B9001D763B /* Base */ = {isa = PBXFileReference; lastKnownFileType = file.storyboard; name = Base; path = Base.lproj/Main.storyboard; sourceTree = "<group>"; };
		B1F5D11921C2B9B9001D763B /* Assets.xcassets */ = {isa = PBXFileReference; lastKnownFileType = folder.assetcatalog; path = Assets.xcassets; sourceTree = "<group>"; };
		B1F5D11C21C2B9B9001D763B /* Base */ = {isa = PBXFileReference; lastKnownFileType = file.storyboard; name = Base; path = Base.lproj/LaunchScreen.storyboard; sourceTree = "<group>"; };
		B1F5D11E21C2B9B9001D763B /* Info.plist */ = {isa = PBXFileReference; lastKnownFileType = text.plist.xml; path = Info.plist; sourceTree = "<group>"; };
		B1F5D11F21C2B9B9001D763B /* main.m */ = {isa = PBXFileReference; lastKnownFileType = sourcecode.c.objc; path = main.m; sourceTree = "<group>"; };
		B1F5D29821C49DCA001D763B /* Person.h */ = {isa = PBXFileReference; lastKnownFileType = sourcecode.c.h; path = Person.h; sourceTree = "<group>"; };
		B1F5D29921C49DCA001D763B /* Person.m */ = {isa = PBXFileReference; lastKnownFileType = sourcecode.c.objc; path = Person.m; sourceTree = "<group>"; };
		B1FC070A224A3E1F0030FED3 /* NSObject+run.h */ = {isa = PBXFileReference; lastKnownFileType = sourcecode.c.h; path = "NSObject+run.h"; sourceTree = "<group>"; };
		B1FC070B224A3E1F0030FED3 /* NSObject+run.m */ = {isa = PBXFileReference; lastKnownFileType = sourcecode.c.objc; path = "NSObject+run.m"; sourceTree = "<group>"; };
/* End PBXFileReference section */

/* Begin PBXFrameworksBuildPhase section */
		B1F5D10A21C2B9B9001D763B /* Frameworks */ = {
			isa = PBXFrameworksBuildPhase;
			buildActionMask = 2147483647;
			files = (
				B18604A22233EAE300C93644 /* libSDWebImage.a in Frameworks */,
				B18604A02233EADC00C93644 /* libAFNetworking.a in Frameworks */,
				F9BD95685274A2ED995AAFB2 /* libPods-TestFunction.a in Frameworks */,
			);
			runOnlyForDeploymentPostprocessing = 0;
		};
/* End PBXFrameworksBuildPhase section */

/* Begin PBXGroup section */
		2E53F32AC740AB7BF22ACC8A /* Pods */ = {
			isa = PBXGroup;
			children = (
				7D523E5FAB604D4BFF4440BF /* Pods-TestFunction.debug.xcconfig */,
				3F25502DE0976FAA6BEA1EE1 /* Pods-TestFunction.release.xcconfig */,
			);
			name = Pods;
			sourceTree = "<group>";
		};
		79541E1C940988EB6C6C3244 /* Frameworks */ = {
			isa = PBXGroup;
			children = (
				B18604A12233EAE300C93644 /* libSDWebImage.a */,
				B186049F2233EADC00C93644 /* libAFNetworking.a */,
				6B823C7A01753B3E9483091A /* libPods-TestFunction.a */,
			);
			name = Frameworks;
			sourceTree = "<group>";
		};
		B150DBD32286E0F400498D86 /* resources */ = {
			isa = PBXGroup;
			children = (
				B18E3BAE2293A3B600D6E34B /* cjsss.json */,
				B18E3BB02293A3B600D6E34B /* cjwyf.json */,
				B18E3BAD2293A3B600D6E34B /* cjylf.json */,
				B18E3BA82293A3B500D6E34B /* fff.json */,
				B18E3BAF2293A3B600D6E34B /* tcdj.json */,
				B18E3BAC2293A3B500D6E34B /* wan.json */,
				B18E3BAA2293A3B500D6E34B /* ylf.json */,
				B18E3BAB2293A3B500D6E34B /* ysys.json */,
				B18E3BA92293A3B500D6E34B /* yymm.json */,
				B150DBD82286E11600498D86 /* backbutton@2x.png */,
				B150DBD72286E11600498D86 /* backbutton@3x.png */,
				B150DBD42286E11600498D86 /* girl.png */,
				B150DBD92286E11700498D86 /* webRefreshButton@2x.png */,
				B150DBD52286E11600498D86 /* webRefreshButton@3x.png */,
				B150DBD12286BC1100498D86 /* JStoOC.html */,
			);
			path = resources;
			sourceTree = "<group>";
		};
		B1954C662269DDC0005CEF6C /* TestYYModel */ = {
			isa = PBXGroup;
			children = (
				B153A79F226D91FD002A6184 /* NetworkTool.h */,
				B153A7A0226D91FD002A6184 /* NetworkTool.m */,
				B1954C672269DDE7005CEF6C /* TestOneModel.h */,
				B1954C682269DDE7005CEF6C /* TestOneModel.m */,
				B1954C6A2269DE7C005CEF6C /* TestTwoModel.h */,
				B1954C6B2269DE7C005CEF6C /* TestTwoModel.m */,
				B10292F4229E535D0030B0A3 /* NSMutableArray+SafeForData.h */,
				B10292F5229E535D0030B0A3 /* NSMutableArray+SafeForData.m */,
			);
			path = TestYYModel;
			sourceTree = "<group>";
		};
		B1B1475122C9F92500A96AB9 /* Supporting Files */ = {
			isa = PBXGroup;
			children = (
				B1F5D11621C2B9B9001D763B /* Main.storyboard */,
				B1F5D11921C2B9B9001D763B /* Assets.xcassets */,
				B1F5D11B21C2B9B9001D763B /* LaunchScreen.storyboard */,
				B1F5D11E21C2B9B9001D763B /* Info.plist */,
				B1F5D11F21C2B9B9001D763B /* main.m */,
				B150DBD02285DD4D00498D86 /* TestFunction.pch */,
				B18E3B962293898700D6E34B /* cjsss_big.json */,
				B1F5D11021C2B9B9001D763B /* AppDelegate.h */,
				B1F5D11121C2B9B9001D763B /* AppDelegate.m */,
				B18E3BA62293920D00D6E34B /* wytcdj.json */,
				B1954C662269DDC0005CEF6C /* TestYYModel */,
			);
			path = "Supporting Files";
			sourceTree = "<group>";
		};
		B1B1475222C9F96A00A96AB9 /* Home */ = {
			isa = PBXGroup;
			children = (
				B1B1475522C9F98500A96AB9 /* Presenter */,
				B1B1475422C9F98000A96AB9 /* View */,
				B1B1475322C9F96F00A96AB9 /* Model */,
			);
			path = Home;
			sourceTree = "<group>";
		};
		B1B1475322C9F96F00A96AB9 /* Model */ = {
			isa = PBXGroup;
			children = (
				B1B1475F22C9FD1000A96AB9 /* HDHomeModel.h */,
				B1B1476022C9FD1000A96AB9 /* HDHomeModel.m */,
			);
			path = Model;
			sourceTree = "<group>";
		};
		B1B1475422C9F98000A96AB9 /* View */ = {
			isa = PBXGroup;
			children = (
				B1B1475B22C9FABA00A96AB9 /* layout */,
				B164B788226381DD0097AF63 /* HDViewController.h */,
				B164B789226381DD0097AF63 /* HDViewController.m */,
				B150DBCD2285C22500498D86 /* WKWebViewController.h */,
				B150DBCE2285C22500498D86 /* WKWebViewController.m */,
				B1F5D11321C2B9B9001D763B /* ViewController.h */,
				B1F5D11421C2B9B9001D763B /* ViewController.m */,
				B13A9FF3229BB78D00BC84EA /* MZBarrageSwitch.h */,
				B13A9FF4229BB78D00BC84EA /* MZBarrageSwitch.m */,
			);
			path = View;
			sourceTree = "<group>";
		};
		B1B1475522C9F98500A96AB9 /* Presenter */ = {
			isa = PBXGroup;
			children = (
				B1B1475C22C9FB3B00A96AB9 /* HDHomePresenter.h */,
				B1B1475D22C9FB3B00A96AB9 /* HDHomePresenter.m */,
			);
			path = Presenter;
			sourceTree = "<group>";
		};
		B1B1475622C9F9B200A96AB9 /* category */ = {
			isa = PBXGroup;
			children = (
				B164B78B226382B20097AF63 /* HDViewController+Logging.h */,
				B164B78C226382B20097AF63 /* HDViewController+Logging.m */,
				B1FC070A224A3E1F0030FED3 /* NSObject+run.h */,
				B1FC070B224A3E1F0030FED3 /* NSObject+run.m */,
				B107FCDD21E6F5E500AAF725 /* Person+Cat.h */,
				B107FCDE21E6F5E500AAF725 /* Person+Cat.m */,
			);
			path = category;
			sourceTree = "<group>";
		};
		B1B1475722C9F9F300A96AB9 /* testClass */ = {
			isa = PBXGroup;
			children = (
				B148B6E52260A74700C8BFDA /* HDCheckArray.h */,
				B148B6E62260A74700C8BFDA /* HDCheckArray.m */,
				B186049C2233EA3200C93644 /* HDNetworkTool.h */,
				B186049D2233EA3200C93644 /* HDNetworkTool.m */,
				B1F5D29821C49DCA001D763B /* Person.h */,
				B1F5D29921C49DCA001D763B /* Person.m */,
				B107FCDA21E5B25A00AAF725 /* Son.h */,
				B107FCDB21E5B25A00AAF725 /* Son.m */,
				B107FCD721DFACED00AAF725 /* SubView.h */,
				B107FCD821DFACED00AAF725 /* SubView.m */,
				B1B1477522CC91B900A96AB9 /* HDImageView.h */,
				B1B1477622CC91B900A96AB9 /* HDImageView.m */,
			);
			path = testClass;
			sourceTree = "<group>";
		};
		B1B1475B22C9FABA00A96AB9 /* layout */ = {
			isa = PBXGroup;
			children = (
				B1B1475822C9FAA100A96AB9 /* HDHomeTableView.h */,
				B1B1475922C9FAA100A96AB9 /* HDHomeTableView.m */,
				B1A6BF2B22D8565A00AD35A2 /* MZADScrollView.h */,
				B1A6BF2A22D8565A00AD35A2 /* MZADScrollView.m */,
			);
			path = layout;
			sourceTree = "<group>";
		};
		B1F5D10421C2B9B9001D763B = {
			isa = PBXGroup;
			children = (
				B1F5D10F21C2B9B9001D763B /* TestFunction */,
				B1F5D10E21C2B9B9001D763B /* Products */,
				2E53F32AC740AB7BF22ACC8A /* Pods */,
				79541E1C940988EB6C6C3244 /* Frameworks */,
			);
			sourceTree = "<group>";
		};
		B1F5D10E21C2B9B9001D763B /* Products */ = {
			isa = PBXGroup;
			children = (
				B1F5D10D21C2B9B9001D763B /* TestFunction.app */,
			);
			name = Products;
			sourceTree = "<group>";
		};
		B1F5D10F21C2B9B9001D763B /* TestFunction */ = {
			isa = PBXGroup;
			children = (
				B1B1475222C9F96A00A96AB9 /* Home */,
				B1B1475722C9F9F300A96AB9 /* testClass */,
				B1B1475622C9F9B200A96AB9 /* category */,
				B1B1475122C9F92500A96AB9 /* Supporting Files */,
				B150DBD32286E0F400498D86 /* resources */,
			);
			path = TestFunction;
			sourceTree = "<group>";
		};
/* End PBXGroup section */

/* Begin PBXNativeTarget section */
		B1F5D10C21C2B9B9001D763B /* TestFunction */ = {
			isa = PBXNativeTarget;
			buildConfigurationList = B1F5D12321C2B9B9001D763B /* Build configuration list for PBXNativeTarget "TestFunction" */;
			buildPhases = (
				CFF2A061CC878A62C5061DED /* [CP] Check Pods Manifest.lock */,
				B1F5D10921C2B9B9001D763B /* Sources */,
				B1F5D10A21C2B9B9001D763B /* Frameworks */,
				B1F5D10B21C2B9B9001D763B /* Resources */,
				B1CF6B5322B7634C00FFA234 /* ShellScript */,
			);
			buildRules = (
			);
			dependencies = (
			);
			name = TestFunction;
			productName = TestFunction;
			productReference = B1F5D10D21C2B9B9001D763B /* TestFunction.app */;
			productType = "com.apple.product-type.application";
		};
/* End PBXNativeTarget section */

/* Begin PBXProject section */
		B1F5D10521C2B9B9001D763B /* Project object */ = {
			isa = PBXProject;
			attributes = {
				LastUpgradeCheck = 0920;
				ORGANIZATIONNAME = white;
				TargetAttributes = {
					B1F5D10C21C2B9B9001D763B = {
						CreatedOnToolsVersion = 9.2;
						ProvisioningStyle = Automatic;
					};
				};
			};
			buildConfigurationList = B1F5D10821C2B9B9001D763B /* Build configuration list for PBXProject "TestFunction" */;
			compatibilityVersion = "Xcode 8.0";
			developmentRegion = en;
			hasScannedForEncodings = 0;
			knownRegions = (
				en,
				Base,
			);
			mainGroup = B1F5D10421C2B9B9001D763B;
			productRefGroup = B1F5D10E21C2B9B9001D763B /* Products */;
			projectDirPath = "";
			projectRoot = "";
			targets = (
				B1F5D10C21C2B9B9001D763B /* TestFunction */,
			);
		};
/* End PBXProject section */

/* Begin PBXResourcesBuildPhase section */
		B1F5D10B21C2B9B9001D763B /* Resources */ = {
			isa = PBXResourcesBuildPhase;
			buildActionMask = 2147483647;
			files = (
				B150DBD22286BC1100498D86 /* JStoOC.html in Resources */,
				B18E3BB92293A3B600D6E34B /* cjwyf.json in Resources */,
				B18E3BA72293920D00D6E34B /* wytcdj.json in Resources */,
				B18E3BB62293A3B600D6E34B /* cjylf.json in Resources */,
				B18E3BB82293A3B600D6E34B /* tcdj.json in Resources */,
				B18E3BB12293A3B600D6E34B /* fff.json in Resources */,
				B150DBDA2286E11700498D86 /* girl.png in Resources */,
				B150DBDE2286E11700498D86 /* backbutton@2x.png in Resources */,
				B1F5D11D21C2B9B9001D763B /* LaunchScreen.storyboard in Resources */,
				B18E3BB52293A3B600D6E34B /* wan.json in Resources */,
				B18E3BB42293A3B600D6E34B /* ysys.json in Resources */,
				B150DBDF2286E11700498D86 /* webRefreshButton@2x.png in Resources */,
				B18E3BA52293898700D6E34B /* cjsss_big.json in Resources */,
				B150DBDD2286E11700498D86 /* backbutton@3x.png in Resources */,
				B18E3BB22293A3B600D6E34B /* yymm.json in Resources */,
				B1F5D11A21C2B9B9001D763B /* Assets.xcassets in Resources */,
				B18E3BB32293A3B600D6E34B /* ylf.json in Resources */,
				B150DBDB2286E11700498D86 /* webRefreshButton@3x.png in Resources */,
				B18E3BB72293A3B600D6E34B /* cjsss.json in Resources */,
				B1F5D11821C2B9B9001D763B /* Main.storyboard in Resources */,
			);
			runOnlyForDeploymentPostprocessing = 0;
		};
/* End PBXResourcesBuildPhase section */

/* Begin PBXShellScriptBuildPhase section */
		B1CF6B5322B7634C00FFA234 /* ShellScript */ = {
			isa = PBXShellScriptBuildPhase;
			buildActionMask = 2147483647;
			files = (
			);
			inputFileListPaths = (
			);
			inputPaths = (
			);
			outputFileListPaths = (
			);
			outputPaths = (
			);
			runOnlyForDeploymentPostprocessing = 0;
			shellPath = /bin/sh;
			shellScript = "REV=`date +%y%m%d`  #输出格式141120的六位日期格式,可以根据自己喜欢改变格式\n/usr/libexec/PlistBuddy -c \"Set :CFBundleVersion ${REV}\" \"${TARGET_BUILD_DIR}\"/${INFOPLIST_PATH}\n\n";
		};
		CFF2A061CC878A62C5061DED /* [CP] Check Pods Manifest.lock */ = {
			isa = PBXShellScriptBuildPhase;
			buildActionMask = 2147483647;
			files = (
			);
			inputPaths = (
				"${PODS_PODFILE_DIR_PATH}/Podfile.lock",
				"${PODS_ROOT}/Manifest.lock",
			);
			name = "[CP] Check Pods Manifest.lock";
			outputPaths = (
				"$(DERIVED_FILE_DIR)/Pods-TestFunction-checkManifestLockResult.txt",
			);
			runOnlyForDeploymentPostprocessing = 0;
			shellPath = /bin/sh;
			shellScript = "diff \"${PODS_PODFILE_DIR_PATH}/Podfile.lock\" \"${PODS_ROOT}/Manifest.lock\" > /dev/null\nif [ $? != 0 ] ; then\n    # print error to STDERR\n    echo \"error: The sandbox is not in sync with the Podfile.lock. Run 'pod install' or update your CocoaPods installation.\" >&2\n    exit 1\nfi\n# This output is used by Xcode 'outputs' to avoid re-running this script phase.\necho \"SUCCESS\" > \"${SCRIPT_OUTPUT_FILE_0}\"\n";
			showEnvVarsInLog = 0;
		};
/* End PBXShellScriptBuildPhase section */

/* Begin PBXSourcesBuildPhase section */
		B1F5D10921C2B9B9001D763B /* Sources */ = {
			isa = PBXSourcesBuildPhase;
			buildActionMask = 2147483647;
			files = (
				B1954C692269DDE7005CEF6C /* TestOneModel.m in Sources */,
				B164B78A226381DD0097AF63 /* HDViewController.m in Sources */,
				B107FCDC21E5B25A00AAF725 /* Son.m in Sources */,
				B164B78D226382B20097AF63 /* HDViewController+Logging.m in Sources */,
				B1B1477722CC91B900A96AB9 /* HDImageView.m in Sources */,
				B10292F6229E535D0030B0A3 /* NSMutableArray+SafeForData.m in Sources */,
				B1B1475E22C9FB3B00A96AB9 /* HDHomePresenter.m in Sources */,
				B1F5D11521C2B9B9001D763B /* ViewController.m in Sources */,
				B153A7A1226D91FD002A6184 /* NetworkTool.m in Sources */,
				B1F5D12021C2B9B9001D763B /* main.m in Sources */,
				B107FCDF21E6F5E500AAF725 /* Person+Cat.m in Sources */,
				B1B1475A22C9FAA100A96AB9 /* HDHomeTableView.m in Sources */,
				B148B6E72260A74700C8BFDA /* HDCheckArray.m in Sources */,
				B1954C6C2269DE7C005CEF6C /* TestTwoModel.m in Sources */,
				B13A9FF5229BB78D00BC84EA /* MZBarrageSwitch.m in Sources */,
				B1A6BF2C22D8565A00AD35A2 /* MZADScrollView.m in Sources */,
				B1F5D29A21C49DCA001D763B /* Person.m in Sources */,
				B1F5D11221C2B9B9001D763B /* AppDelegate.m in Sources */,
				B186049E2233EA3300C93644 /* HDNetworkTool.m in Sources */,
				B107FCD921DFACED00AAF725 /* SubView.m in Sources */,
				B1FC070C224A3E1F0030FED3 /* NSObject+run.m in Sources */,
				B1B1476122C9FD1000A96AB9 /* HDHomeModel.m in Sources */,
				B150DBCF2285C22500498D86 /* WKWebViewController.m in Sources */,
			);
			runOnlyForDeploymentPostprocessing = 0;
		};
/* End PBXSourcesBuildPhase section */

/* Begin PBXVariantGroup section */
		B1F5D11621C2B9B9001D763B /* Main.storyboard */ = {
			isa = PBXVariantGroup;
			children = (
				B1F5D11721C2B9B9001D763B /* Base */,
			);
			name = Main.storyboard;
			sourceTree = "<group>";
		};
		B1F5D11B21C2B9B9001D763B /* LaunchScreen.storyboard */ = {
			isa = PBXVariantGroup;
			children = (
				B1F5D11C21C2B9B9001D763B /* Base */,
			);
			name = LaunchScreen.storyboard;
			sourceTree = "<group>";
		};
/* End PBXVariantGroup section */

/* Begin XCBuildConfiguration section */
		B1F5D12121C2B9B9001D763B /* Debug */ = {
			isa = XCBuildConfiguration;
			buildSettings = {
				ALWAYS_SEARCH_USER_PATHS = NO;
				CLANG_ANALYZER_NONNULL = YES;
				CLANG_ANALYZER_NUMBER_OBJECT_CONVERSION = YES_AGGRESSIVE;
				CLANG_CXX_LANGUAGE_STANDARD = "gnu++14";
				CLANG_CXX_LIBRARY = "libc++";
				CLANG_ENABLE_MODULES = YES;
				CLANG_ENABLE_OBJC_ARC = YES;
				CLANG_WARN_BLOCK_CAPTURE_AUTORELEASING = YES;
				CLANG_WARN_BOOL_CONVERSION = YES;
				CLANG_WARN_COMMA = YES;
				CLANG_WARN_CONSTANT_CONVERSION = YES;
				CLANG_WARN_DIRECT_OBJC_ISA_USAGE = YES_ERROR;
				CLANG_WARN_DOCUMENTATION_COMMENTS = YES;
				CLANG_WARN_EMPTY_BODY = YES;
				CLANG_WARN_ENUM_CONVERSION = YES;
				CLANG_WARN_INFINITE_RECURSION = YES;
				CLANG_WARN_INT_CONVERSION = YES;
				CLANG_WARN_NON_LITERAL_NULL_CONVERSION = YES;
				CLANG_WARN_OBJC_LITERAL_CONVERSION = YES;
				CLANG_WARN_OBJC_ROOT_CLASS = YES_ERROR;
				CLANG_WARN_RANGE_LOOP_ANALYSIS = YES;
				CLANG_WARN_STRICT_PROTOTYPES = YES;
				CLANG_WARN_SUSPICIOUS_MOVE = YES;
				CLANG_WARN_UNGUARDED_AVAILABILITY = YES_AGGRESSIVE;
				CLANG_WARN_UNREACHABLE_CODE = YES;
				CLANG_WARN__DUPLICATE_METHOD_MATCH = YES;
				CODE_SIGN_IDENTITY = "iPhone Developer";
				COPY_PHASE_STRIP = NO;
				DEBUG_INFORMATION_FORMAT = dwarf;
				ENABLE_STRICT_OBJC_MSGSEND = YES;
				ENABLE_TESTABILITY = YES;
				GCC_C_LANGUAGE_STANDARD = gnu11;
				GCC_DYNAMIC_NO_PIC = NO;
				GCC_NO_COMMON_BLOCKS = YES;
				GCC_OPTIMIZATION_LEVEL = 0;
				GCC_PRECOMPILE_PREFIX_HEADER = YES;
				GCC_PREFIX_HEADER = "/Users/huaida/Desktop/整理桌面/interview/program/TestFunction/TestFunction/TestFunction.pch";
				GCC_PREPROCESSOR_DEFINITIONS = (
					"DEBUG=1",
					"$(inherited)",
				);
				GCC_WARN_64_TO_32_BIT_CONVERSION = YES;
				GCC_WARN_ABOUT_RETURN_TYPE = YES_ERROR;
				GCC_WARN_UNDECLARED_SELECTOR = YES;
				GCC_WARN_UNINITIALIZED_AUTOS = YES_AGGRESSIVE;
				GCC_WARN_UNUSED_FUNCTION = YES;
				GCC_WARN_UNUSED_VARIABLE = YES;
				IPHONEOS_DEPLOYMENT_TARGET = 11.2;
				MTL_ENABLE_DEBUG_INFO = YES;
				ONLY_ACTIVE_ARCH = YES;
				SDKROOT = iphoneos;
			};
			name = Debug;
		};
		B1F5D12221C2B9B9001D763B /* Release */ = {
			isa = XCBuildConfiguration;
			buildSettings = {
				ALWAYS_SEARCH_USER_PATHS = NO;
				CLANG_ANALYZER_NONNULL = YES;
				CLANG_ANALYZER_NUMBER_OBJECT_CONVERSION = YES_AGGRESSIVE;
				CLANG_CXX_LANGUAGE_STANDARD = "gnu++14";
				CLANG_CXX_LIBRARY = "libc++";
				CLANG_ENABLE_MODULES = YES;
				CLANG_ENABLE_OBJC_ARC = YES;
				CLANG_WARN_BLOCK_CAPTURE_AUTORELEASING = YES;
				CLANG_WARN_BOOL_CONVERSION = YES;
				CLANG_WARN_COMMA = YES;
				CLANG_WARN_CONSTANT_CONVERSION = YES;
				CLANG_WARN_DIRECT_OBJC_ISA_USAGE = YES_ERROR;
				CLANG_WARN_DOCUMENTATION_COMMENTS = YES;
				CLANG_WARN_EMPTY_BODY = YES;
				CLANG_WARN_ENUM_CONVERSION = YES;
				CLANG_WARN_INFINITE_RECURSION = YES;
				CLANG_WARN_INT_CONVERSION = YES;
				CLANG_WARN_NON_LITERAL_NULL_CONVERSION = YES;
				CLANG_WARN_OBJC_LITERAL_CONVERSION = YES;
				CLANG_WARN_OBJC_ROOT_CLASS = YES_ERROR;
				CLANG_WARN_RANGE_LOOP_ANALYSIS = YES;
				CLANG_WARN_STRICT_PROTOTYPES = YES;
				CLANG_WARN_SUSPICIOUS_MOVE = YES;
				CLANG_WARN_UNGUARDED_AVAILABILITY = YES_AGGRESSIVE;
				CLANG_WARN_UNREACHABLE_CODE = YES;
				CLANG_WARN__DUPLICATE_METHOD_MATCH = YES;
				CODE_SIGN_IDENTITY = "iPhone Developer";
				COPY_PHASE_STRIP = NO;
				DEBUG_INFORMATION_FORMAT = "dwarf-with-dsym";
				ENABLE_NS_ASSERTIONS = NO;
				ENABLE_STRICT_OBJC_MSGSEND = YES;
				GCC_C_LANGUAGE_STANDARD = gnu11;
				GCC_NO_COMMON_BLOCKS = YES;
				GCC_PRECOMPILE_PREFIX_HEADER = YES;
				GCC_PREFIX_HEADER = "/Users/huaida/Desktop/整理桌面/interview/program/TestFunction/TestFunction/TestFunction.pch";
				GCC_WARN_64_TO_32_BIT_CONVERSION = YES;
				GCC_WARN_ABOUT_RETURN_TYPE = YES_ERROR;
				GCC_WARN_UNDECLARED_SELECTOR = YES;
				GCC_WARN_UNINITIALIZED_AUTOS = YES_AGGRESSIVE;
				GCC_WARN_UNUSED_FUNCTION = YES;
				GCC_WARN_UNUSED_VARIABLE = YES;
				IPHONEOS_DEPLOYMENT_TARGET = 11.2;
				MTL_ENABLE_DEBUG_INFO = NO;
				SDKROOT = iphoneos;
				VALIDATE_PRODUCT = YES;
			};
			name = Release;
		};
		B1F5D12421C2B9B9001D763B /* Debug */ = {
			isa = XCBuildConfiguration;
			baseConfigurationReference = 7D523E5FAB604D4BFF4440BF /* Pods-TestFunction.debug.xcconfig */;
			buildSettings = {
				ASSETCATALOG_COMPILER_APPICON_NAME = AppIcon;
				CODE_SIGN_IDENTITY = "iPhone Developer";
				CODE_SIGN_STYLE = Automatic;
				CURRENT_PROJECT_VERSION = 1.0.2;
				DEVELOPMENT_TEAM = RK6SS8FXJ5;
				GCC_PRECOMPILE_PREFIX_HEADER = YES;
				GCC_PREFIX_HEADER = "/Users/huaida/Desktop/projects/TestFunction_OC/TestFunction/Supporting Files/TestFunction.pch";
				INFOPLIST_FILE = "/Users/huaida/Desktop/projects/TestFunction_OC/TestFunction/Supporting Files/Info.plist";
				LD_RUNPATH_SEARCH_PATHS = "$(inherited) @executable_path/Frameworks";
				PRODUCT_BUNDLE_IDENTIFIER = cn.white.TestFunction;
				PRODUCT_NAME = "$(TARGET_NAME)";
				PROVISIONING_PROFILE_SPECIFIER = "";
				TARGETED_DEVICE_FAMILY = "1,2";
				VERSIONING_SYSTEM = "";
			};
			name = Debug;
		};
		B1F5D12521C2B9B9001D763B /* Release */ = {
			isa = XCBuildConfiguration;
			baseConfigurationReference = 3F25502DE0976FAA6BEA1EE1 /* Pods-TestFunction.release.xcconfig */;
			buildSettings = {
				ASSETCATALOG_COMPILER_APPICON_NAME = AppIcon;
				CODE_SIGN_IDENTITY = "iPhone Developer";
				CODE_SIGN_STYLE = Automatic;
				CURRENT_PROJECT_VERSION = 1.0.2;
				DEVELOPMENT_TEAM = RK6SS8FXJ5;
				GCC_PRECOMPILE_PREFIX_HEADER = YES;
				GCC_PREFIX_HEADER = "/Users/huaida/Desktop/projects/TestFunction_OC/TestFunction/Supporting Files/TestFunction.pch";
				INFOPLIST_FILE = "/Users/huaida/Desktop/projects/TestFunction_OC/TestFunction/Supporting Files/Info.plist";
				LD_RUNPATH_SEARCH_PATHS = "$(inherited) @executable_path/Frameworks";
				PRODUCT_BUNDLE_IDENTIFIER = cn.white.TestFunction;
				PRODUCT_NAME = "$(TARGET_NAME)";
				PROVISIONING_PROFILE_SPECIFIER = "";
				TARGETED_DEVICE_FAMILY = "1,2";
				VERSIONING_SYSTEM = "";
			};
			name = Release;
		};
/* End XCBuildConfiguration section */

/* Begin XCConfigurationList section */
		B1F5D10821C2B9B9001D763B /* Build configuration list for PBXProject "TestFunction" */ = {
			isa = XCConfigurationList;
			buildConfigurations = (
				B1F5D12121C2B9B9001D763B /* Debug */,
				B1F5D12221C2B9B9001D763B /* Release */,
			);
			defaultConfigurationIsVisible = 0;
			defaultConfigurationName = Release;
		};
		B1F5D12321C2B9B9001D763B /* Build configuration list for PBXNativeTarget "TestFunction" */ = {
			isa = XCConfigurationList;
			buildConfigurations = (
				B1F5D12421C2B9B9001D763B /* Debug */,
				B1F5D12521C2B9B9001D763B /* Release */,
			);
			defaultConfigurationIsVisible = 0;
			defaultConfigurationName = Release;
		};
/* End XCConfigurationList section */
	};
	rootObject = B1F5D10521C2B9B9001D763B /* Project object */;
}
